// !$*UTF8*$!
{
	archiveVersion = 1;
	classes = {
	};
	objectVersion = 46;
	objects = {

/* Begin PBXBuildFile section */
		75E20A0F1D7A2D9E0055AB93 /* main.m in Sources */ = {isa = PBXBuildFile; fileRef = 75E20A0E1D7A2D9E0055AB93 /* main.m */; };
		75E20A121D7A2D9E0055AB93 /* AppDelegate.m in Sources */ = {isa = PBXBuildFile; fileRef = 75E20A111D7A2D9E0055AB93 /* AppDelegate.m */; };
		75E20A151D7A2D9E0055AB93 /* ViewController.m in Sources */ = {isa = PBXBuildFile; fileRef = 75E20A141D7A2D9E0055AB93 /* ViewController.m */; };
		75E20A181D7A2D9E0055AB93 /* Main.storyboard in Resources */ = {isa = PBXBuildFile; fileRef = 75E20A161D7A2D9E0055AB93 /* Main.storyboard */; };
		75E20A1A1D7A2D9E0055AB93 /* Assets.xcassets in Resources */ = {isa = PBXBuildFile; fileRef = 75E20A191D7A2D9E0055AB93 /* Assets.xcassets */; };
		75E20A1D1D7A2D9E0055AB93 /* LaunchScreen.storyboard in Resources */ = {isa = PBXBuildFile; fileRef = 75E20A1B1D7A2D9E0055AB93 /* LaunchScreen.storyboard */; };
/* End PBXBuildFile section */

/* Begin PBXFileReference section */
		75E20A0A1D7A2D9E0055AB93 /* 902性能优化.app */ = {isa = PBXFileReference; explicitFileType = wrapper.application; includeInIndex = 0; path = "902性能优化.app"; sourceTree = BUILT_PRODUCTS_DIR; };
		75E20A0E1D7A2D9E0055AB93 /* main.m */ = {isa = PBXFileReference; lastKnownFileType = sourcecode.c.objc; path = main.m; sourceTree = "<group>"; };
		75E20A101D7A2D9E0055AB93 /* AppDelegate.h */ = {isa = PBXFileReference; lastKnownFileType = sourcecode.c.h; path = AppDelegate.h; sourceTree = "<group>"; };
		75E20A111D7A2D9E0055AB93 /* AppDelegate.m */ = {isa = PBXFileReference; lastKnownFileType = sourcecode.c.objc; path = AppDelegate.m; sourceTree = "<group>"; };
		75E20A131D7A2D9E0055AB93 /* ViewController.h */ = {isa = PBXFileReference; lastKnownFileType = sourcecode.c.h; path = ViewController.h; sourceTree = "<group>"; };
		75E20A141D7A2D9E0055AB93 /* ViewController.m */ = {isa = PBXFileReference; lastKnownFileType = sourcecode.c.objc; path = ViewController.m; sourceTree = "<group>"; };
		75E20A171D7A2D9E0055AB93 /* Base */ = {isa = PBXFileReference; lastKnownFileType = file.storyboard; name = Base; path = Base.lproj/Main.storyboard; sourceTree = "<group>"; };
		75E20A191D7A2D9E0055AB93 /* Assets.xcassets */ = {isa = PBXFileReference; lastKnownFileType = folder.assetcatalog; path = Assets.xcassets; sourceTree = "<group>"; };
		75E20A1C1D7A2D9E0055AB93 /* Base */ = {isa = PBXFileReference; lastKnownFileType = file.storyboard; name = Base; path = Base.lproj/LaunchScreen.storyboard; sourceTree = "<group>"; };
		75E20A1E1D7A2D9E0055AB93 /* Info.plist */ = {isa = PBXFileReference; lastKnownFileType = text.plist.xml; path = Info.plist; sourceTree = "<group>"; };
/* End PBXFileReference section */

/* Begin PBXFrameworksBuildPhase section */
		75E20A071D7A2D9E0055AB93 /* Frameworks */ = {
			isa = PBXFrameworksBuildPhase;
			buildActionMask = 2147483647;
			files = (
			);
			runOnlyForDeploymentPostprocessing = 0;
		};
/* End PBXFrameworksBuildPhase section */

/* Begin PBXGroup section */
		75E20A011D7A2D9E0055AB93 = {
			isa = PBXGroup;
			children = (
				75E20A0C1D7A2D9E0055AB93 /* 902性能优化 */,
				75E20A0B1D7A2D9E0055AB93 /* Products */,
			);
			sourceTree = "<group>";
		};
		75E20A0B1D7A2D9E0055AB93 /* Products */ = {
			isa = PBXGroup;
			children = (
				75E20A0A1D7A2D9E0055AB93 /* 902性能优化.app */,
			);
			name = Products;
			sourceTree = "<group>";
		};
		75E20A0C1D7A2D9E0055AB93 /* 902性能优化 */ = {
			isa = PBXGroup;
			children = (
				75E20A101D7A2D9E0055AB93 /* AppDelegate.h */,
				75E20A111D7A2D9E0055AB93 /* AppDelegate.m */,
				75E20A131D7A2D9E0055AB93 /* ViewController.h */,
				75E20A141D7A2D9E0055AB93 /* ViewController.m */,
				75E20A161D7A2D9E0055AB93 /* Main.storyboard */,
				75E20A191D7A2D9E0055AB93 /* Assets.xcassets */,
				75E20A1B1D7A2D9E0055AB93 /* LaunchScreen.storyboard */,
				75E20A1E1D7A2D9E0055AB93 /* Info.plist */,
				75E20A0D1D7A2D9E0055AB93 /* Supporting Files */,
			);
			path = "902性能优化";
			sourceTree = "<group>";
		};
		75E20A0D1D7A2D9E0055AB93 /* Supporting Files */ = {
			isa = PBXGroup;
			children = (
				75E20A0E1D7A2D9E0055AB93 /* main.m */,
			);
			name = "Supporting Files";
			sourceTree = "<group>";
		};
/* End PBXGroup section */

/* Begin PBXNativeTarget section */
		75E20A091D7A2D9E0055AB93 /* 902性能优化 */ = {
			isa = PBXNativeTarget;
			buildConfigurationList = 75E20A211D7A2D9E0055AB93 /* Build configuration list for PBXNativeTarget "902性能优化" */;
			buildPhases = (
				75E20A061D7A2D9E0055AB93 /* Sources */,
				75E20A071D7A2D9E0055AB93 /* Frameworks */,
				75E20A081D7A2D9E0055AB93 /* Resources */,
			);
			buildRules = (
			);
			dependencies = (
			);
			name = "902性能优化";
			productName = "902性能优化";
			productReference = 75E20A0A1D7A2D9E0055AB93 /* 902性能优化.app */;
			productType = "com.apple.product-type.application";
		};
/* End PBXNativeTarget section */

/* Begin PBXProject section */
		75E20A021D7A2D9E0055AB93 /* Project object */ = {
			isa = PBXProject;
			attributes = {
				LastUpgradeCheck = 0730;
				ORGANIZATIONNAME = zcl;
				TargetAttributes = {
					75E20A091D7A2D9E0055AB93 = {
						CreatedOnToolsVersion = 7.3.1;
					};
				};
			};
			buildConfigurationList = 75E20A051D7A2D9E0055AB93 /* Build configuration list for PBXProject "902性能优化" */;
			compatibilityVersion = "Xcode 3.2";
			developmentRegion = English;
			hasScannedForEncodings = 0;
			knownRegions = (
				en,
				Base,
			);
			mainGroup = 75E20A011D7A2D9E0055AB93;
			productRefGroup = 75E20A0B1D7A2D9E0055AB93 /* Products */;
			projectDirPath = "";
			projectRoot = "";
			targets = (
				75E20A091D7A2D9E0055AB93 /* 902性能优化 */,
			);
		};
/* End PBXProject section */

/* Begin PBXResourcesBuildPhase section */
		75E20A081D7A2D9E0055AB93 /* Resources */ = {
			isa = PBXResourcesBuildPhase;
			buildActionMask = 2147483647;
			files = (
				75E20A1D1D7A2D9E0055AB93 /* LaunchScreen.storyboard in Resources */,
				75E20A1A1D7A2D9E0055AB93 /* Assets.xcassets in Resources */,
				75E20A181D7A2D9E0055AB93 /* Main.storyboard in Resources */,
			);
			runOnlyForDeploymentPostprocessing = 0;
		};
/* End PBXResourcesBuildPhase section */

/* Begin PBXSourcesBuildPhase section */
		75E20A061D7A2D9E0055AB93 /* Sources */ = {
			isa = PBXSourcesBuildPhase;
			buildActionMask = 2147483647;
			files = (
				75E20A151D7A2D9E0055AB93 /* ViewController.m in Sources */,
				75E20A121D7A2D9E0055AB93 /* AppDelegate.m in Sources */,
				75E20A0F1D7A2D9E0055AB93 /* main.m in Sources */,
			);
			runOnlyForDeploymentPostprocessing = 0;
		};
/* End PBXSourcesBuildPhase section */

/* Begin PBXVariantGroup section */
		75E20A161D7A2D9E0055AB93 /* Main.storyboard */ = {
			isa = PBXVariantGroup;
			children = (
				75E20A171D7A2D9E0055AB93 /* Base */,
			);
			name = Main.storyboard;
			sourceTree = "<group>";
		};
		75E20A1B1D7A2D9E0055AB93 /* LaunchScreen.storyboard */ = {
			isa = PBXVariantGroup;
			children = (
				75E20A1C1D7A2D9E0055AB93 /* Base */,
			);
			name = LaunchScreen.storyboard;
			sourceTree = "<group>";
		};
/* End PBXVariantGroup section */

/* Begin XCBuildConfiguration section */
		75E20A1F1D7A2D9E0055AB93 /* Debug */ = {
			isa = XCBuildConfiguration;
			buildSettings = {
				ALWAYS_SEARCH_USER_PATHS = NO;
				CLANG_ANALYZER_NONNULL = YES;
				CLANG_CXX_LANGUAGE_STANDARD = "gnu++0x";
				CLANG_CXX_LIBRARY = "libc++";
				CLANG_ENABLE_MODULES = YES;
				CLANG_ENABLE_OBJC_ARC = YES;
				CLANG_WARN_BOOL_CONVERSION = YES;
				CLANG_WARN_CONSTANT_CONVERSION = YES;
				CLANG_WARN_DIRECT_OBJC_ISA_USAGE = YES_ERROR;
				CLANG_WARN_EMPTY_BODY = YES;
				CLANG_WARN_ENUM_CONVERSION = YES;
				CLANG_WARN_INT_CONVERSION = YES;
				CLANG_WARN_OBJC_ROOT_CLASS = YES_ERROR;
				CLANG_WARN_UNREACHABLE_CODE = YES;
				CLANG_WARN__DUPLICATE_METHOD_MATCH = YES;
				"CODE_SIGN_IDENTITY[sdk=iphoneos*]" = "iPhone Developer";
				COPY_PHASE_STRIP = NO;
				DEBUG_INFORMATION_FORMAT = dwarf;
				ENABLE_STRICT_OBJC_MSGSEND = YES;
				ENABLE_TESTABILITY = YES;
				GCC_C_LANGUAGE_STANDARD = gnu99;
				GCC_DYNAMIC_NO_PIC = NO;
				GCC_NO_COMMON_BLOCKS = YES;
				GCC_OPTIMIZATION_LEVEL = 0;
				GCC_PREPROCESSOR_DEFINITIONS = (
					"DEBUG=1",
					"$(inherited)",
				);
				GCC_WARN_64_TO_32_BIT_CONVERSION = YES;
				GCC_WARN_ABOUT_RETURN_TYPE = YES_ERROR;
				GCC_WARN_UNDECLARED_SELECTOR = YES;
				GCC_WARN_UNINITIALIZED_AUTOS = YES_AGGRESSIVE;
				GCC_WARN_UNUSED_FUNCTION = YES;
				GCC_WARN_UNUSED_VARIABLE = YES;
				IPHONEOS_DEPLOYMENT_TARGET = 9.3;
				MTL_ENABLE_DEBUG_INFO = YES;
				ONLY_ACTIVE_ARCH = YES;
				SDKROOT = iphoneos;
			};
			name = Debug;
		};
		75E20A201D7A2D9E0055AB93 /* Release */ = {
			isa = XCBuildConfiguration;
			buildSettings = {
				ALWAYS_SEARCH_USER_PATHS = NO;
				CLANG_ANALYZER_NONNULL = YES;
				CLANG_CXX_LANGUAGE_STANDARD = "gnu++0x";
				CLANG_CXX_LIBRARY = "libc++";
				CLANG_ENABLE_MODULES = YES;
				CLANG_ENABLE_OBJC_ARC = YES;
				CLANG_WARN_BOOL_CONVERSION = YES;
				CLANG_WARN_CONSTANT_CONVERSION = YES;
				CLANG_WARN_DIRECT_OBJC_ISA_USAGE = YES_ERROR;
				CLANG_WARN_EMPTY_BODY = YES;
				CLANG_WARN_ENUM_CONVERSION = YES;
				CLANG_WARN_INT_CONVERSION = YES;
				CLANG_WARN_OBJC_ROOT_CLASS = YES_ERROR;
				CLANG_WARN_UNREACHABLE_CODE = YES;
				CLANG_WARN__DUPLICATE_METHOD_MATCH = YES;
				"CODE_SIGN_IDENTITY[sdk=iphoneos*]" = "iPhone Developer";
				COPY_PHASE_STRIP = NO;
				DEBUG_INFORMATION_FORMAT = "dwarf-with-dsym";
				ENABLE_NS_ASSERTIONS = NO;
				ENABLE_STRICT_OBJC_MSGSEND = YES;
				GCC_C_LANGUAGE_STANDARD = gnu99;
				GCC_NO_COMMON_BLOCKS = YES;
				GCC_WARN_64_TO_32_BIT_CONVERSION = YES;
				GCC_WARN_ABOUT_RETURN_TYPE = YES_ERROR;
				GCC_WARN_UNDECLARED_SELECTOR = YES;
				GCC_WARN_UNINITIALIZED_AUTOS = YES_AGGRESSIVE;
				GCC_WARN_UNUSED_FUNCTION = YES;
				GCC_WARN_UNUSED_VARIABLE = YES;
				IPHONEOS_DEPLOYMENT_TARGET = 9.3;
				MTL_ENABLE_DEBUG_INFO = NO;
				SDKROOT = iphoneos;
				VALIDATE_PRODUCT = YES;
			};
			name = Release;
		};
		75E20A221D7A2D9E0055AB93 /* Debug */ = {
			isa = XCBuildConfiguration;
			buildSettings = {
				ASSETCATALOG_COMPILER_APPICON_NAME = AppIcon;
				INFOPLIST_FILE = "902性能优化/Info.plist";
				LD_RUNPATH_SEARCH_PATHS = "$(inherited) @executable_path/Frameworks";
				PRODUCT_BUNDLE_IDENTIFIER = "zcl.-02----";
				PRODUCT_NAME = "$(TARGET_NAME)";
			};
			name = Debug;
		};
		75E20A231D7A2D9E0055AB93 /* Release */ = {
			isa = XCBuildConfiguration;
			buildSettings = {
				ASSETCATALOG_COMPILER_APPICON_NAME = AppIcon;
				INFOPLIST_FILE = "902性能优化/Info.plist";
				LD_RUNPATH_SEARCH_PATHS = "$(inherited) @executable_path/Frameworks";
				PRODUCT_BUNDLE_IDENTIFIER = "zcl.-02----";
				PRODUCT_NAME = "$(TARGET_NAME)";
			};
			name = Release;
		};
/* End XCBuildConfiguration section */

/* Begin XCConfigurationList section */
		75E20A051D7A2D9E0055AB93 /* Build configuration list for PBXProject "902性能优化" */ = {
			isa = XCConfigurationList;
			buildConfigurations = (
				75E20A1F1D7A2D9E0055AB93 /* Debug */,
				75E20A201D7A2D9E0055AB93 /* Release */,
			);
			defaultConfigurationIsVisible = 0;
			defaultConfigurationName = Release;
		};
		75E20A211D7A2D9E0055AB93 /* Build configuration list for PBXNativeTarget "902性能优化" */ = {
			isa = XCConfigurationList;
			buildConfigurations = (
				75E20A221D7A2D9E0055AB93 /* Debug */,
				75E20A231D7A2D9E0055AB93 /* Release */,
			);
			defaultConfigurationIsVisible = 0;
		};
/* End XCConfigurationList section */
	};
	rootObject = 75E20A021D7A2D9E0055AB93 /* Project object */;
}
