// !$*UTF8*$!
{
	archiveVersion = 1;
	classes = {
	};
	objectVersion = 46;
	objects = {

/* Begin PBXBuildFile section */
		75BEDC701D726261002A348D /* main.m in Sources */ = {isa = PBXBuildFile; fileRef = 75BEDC6F1D726261002A348D /* main.m */; };
		75BEDC731D726261002A348D /* AppDelegate.m in Sources */ = {isa = PBXBuildFile; fileRef = 75BEDC721D726261002A348D /* AppDelegate.m */; };
		75BEDC761D726261002A348D /* ViewController.m in Sources */ = {isa = PBXBuildFile; fileRef = 75BEDC751D726261002A348D /* ViewController.m */; };
		75BEDC791D726261002A348D /* Main.storyboard in Resources */ = {isa = PBXBuildFile; fileRef = 75BEDC771D726261002A348D /* Main.storyboard */; };
		75BEDC7B1D726261002A348D /* Assets.xcassets in Resources */ = {isa = PBXBuildFile; fileRef = 75BEDC7A1D726261002A348D /* Assets.xcassets */; };
		75BEDC7E1D726261002A348D /* LaunchScreen.storyboard in Resources */ = {isa = PBXBuildFile; fileRef = 75BEDC7C1D726261002A348D /* LaunchScreen.storyboard */; };
/* End PBXBuildFile section */

/* Begin PBXFileReference section */
		75BEDC6B1D726261002A348D /* 827addBigPicture.app */ = {isa = PBXFileReference; explicitFileType = wrapper.application; includeInIndex = 0; path = 827addBigPicture.app; sourceTree = BUILT_PRODUCTS_DIR; };
		75BEDC6F1D726261002A348D /* main.m */ = {isa = PBXFileReference; lastKnownFileType = sourcecode.c.objc; path = main.m; sourceTree = "<group>"; };
		75BEDC711D726261002A348D /* AppDelegate.h */ = {isa = PBXFileReference; lastKnownFileType = sourcecode.c.h; path = AppDelegate.h; sourceTree = "<group>"; };
		75BEDC721D726261002A348D /* AppDelegate.m */ = {isa = PBXFileReference; lastKnownFileType = sourcecode.c.objc; path = AppDelegate.m; sourceTree = "<group>"; };
		75BEDC741D726261002A348D /* ViewController.h */ = {isa = PBXFileReference; lastKnownFileType = sourcecode.c.h; path = ViewController.h; sourceTree = "<group>"; };
		75BEDC751D726261002A348D /* ViewController.m */ = {isa = PBXFileReference; lastKnownFileType = sourcecode.c.objc; path = ViewController.m; sourceTree = "<group>"; };
		75BEDC781D726261002A348D /* Base */ = {isa = PBXFileReference; lastKnownFileType = file.storyboard; name = Base; path = Base.lproj/Main.storyboard; sourceTree = "<group>"; };
		75BEDC7A1D726261002A348D /* Assets.xcassets */ = {isa = PBXFileReference; lastKnownFileType = folder.assetcatalog; path = Assets.xcassets; sourceTree = "<group>"; };
		75BEDC7D1D726261002A348D /* Base */ = {isa = PBXFileReference; lastKnownFileType = file.storyboard; name = Base; path = Base.lproj/LaunchScreen.storyboard; sourceTree = "<group>"; };
		75BEDC7F1D726261002A348D /* Info.plist */ = {isa = PBXFileReference; lastKnownFileType = text.plist.xml; path = Info.plist; sourceTree = "<group>"; };
/* End PBXFileReference section */

/* Begin PBXFrameworksBuildPhase section */
		75BEDC681D726261002A348D /* Frameworks */ = {
			isa = PBXFrameworksBuildPhase;
			buildActionMask = 2147483647;
			files = (
			);
			runOnlyForDeploymentPostprocessing = 0;
		};
/* End PBXFrameworksBuildPhase section */

/* Begin PBXGroup section */
		75BEDC621D726261002A348D = {
			isa = PBXGroup;
			children = (
				75BEDC6D1D726261002A348D /* 827addBigPicture */,
				75BEDC6C1D726261002A348D /* Products */,
			);
			sourceTree = "<group>";
		};
		75BEDC6C1D726261002A348D /* Products */ = {
			isa = PBXGroup;
			children = (
				75BEDC6B1D726261002A348D /* 827addBigPicture.app */,
			);
			name = Products;
			sourceTree = "<group>";
		};
		75BEDC6D1D726261002A348D /* 827addBigPicture */ = {
			isa = PBXGroup;
			children = (
				75BEDC711D726261002A348D /* AppDelegate.h */,
				75BEDC721D726261002A348D /* AppDelegate.m */,
				75BEDC741D726261002A348D /* ViewController.h */,
				75BEDC751D726261002A348D /* ViewController.m */,
				75BEDC771D726261002A348D /* Main.storyboard */,
				75BEDC7A1D726261002A348D /* Assets.xcassets */,
				75BEDC7C1D726261002A348D /* LaunchScreen.storyboard */,
				75BEDC7F1D726261002A348D /* Info.plist */,
				75BEDC6E1D726261002A348D /* Supporting Files */,
			);
			path = 827addBigPicture;
			sourceTree = "<group>";
		};
		75BEDC6E1D726261002A348D /* Supporting Files */ = {
			isa = PBXGroup;
			children = (
				75BEDC6F1D726261002A348D /* main.m */,
			);
			name = "Supporting Files";
			sourceTree = "<group>";
		};
/* End PBXGroup section */

/* Begin PBXNativeTarget section */
		75BEDC6A1D726261002A348D /* 827addBigPicture */ = {
			isa = PBXNativeTarget;
			buildConfigurationList = 75BEDC821D726261002A348D /* Build configuration list for PBXNativeTarget "827addBigPicture" */;
			buildPhases = (
				75BEDC671D726261002A348D /* Sources */,
				75BEDC681D726261002A348D /* Frameworks */,
				75BEDC691D726261002A348D /* Resources */,
			);
			buildRules = (
			);
			dependencies = (
			);
			name = 827addBigPicture;
			productName = 827addBigPicture;
			productReference = 75BEDC6B1D726261002A348D /* 827addBigPicture.app */;
			productType = "com.apple.product-type.application";
		};
/* End PBXNativeTarget section */

/* Begin PBXProject section */
		75BEDC631D726261002A348D /* Project object */ = {
			isa = PBXProject;
			attributes = {
				LastUpgradeCheck = 0730;
				ORGANIZATIONNAME = zcl;
				TargetAttributes = {
					75BEDC6A1D726261002A348D = {
						CreatedOnToolsVersion = 7.3.1;
					};
				};
			};
			buildConfigurationList = 75BEDC661D726261002A348D /* Build configuration list for PBXProject "827addBigPicture" */;
			compatibilityVersion = "Xcode 3.2";
			developmentRegion = English;
			hasScannedForEncodings = 0;
			knownRegions = (
				en,
				Base,
			);
			mainGroup = 75BEDC621D726261002A348D;
			productRefGroup = 75BEDC6C1D726261002A348D /* Products */;
			projectDirPath = "";
			projectRoot = "";
			targets = (
				75BEDC6A1D726261002A348D /* 827addBigPicture */,
			);
		};
/* End PBXProject section */

/* Begin PBXResourcesBuildPhase section */
		75BEDC691D726261002A348D /* Resources */ = {
			isa = PBXResourcesBuildPhase;
			buildActionMask = 2147483647;
			files = (
				75BEDC7E1D726261002A348D /* LaunchScreen.storyboard in Resources */,
				75BEDC7B1D726261002A348D /* Assets.xcassets in Resources */,
				75BEDC791D726261002A348D /* Main.storyboard in Resources */,
			);
			runOnlyForDeploymentPostprocessing = 0;
		};
/* End PBXResourcesBuildPhase section */

/* Begin PBXSourcesBuildPhase section */
		75BEDC671D726261002A348D /* Sources */ = {
			isa = PBXSourcesBuildPhase;
			buildActionMask = 2147483647;
			files = (
				75BEDC761D726261002A348D /* ViewController.m in Sources */,
				75BEDC731D726261002A348D /* AppDelegate.m in Sources */,
				75BEDC701D726261002A348D /* main.m in Sources */,
			);
			runOnlyForDeploymentPostprocessing = 0;
		};
/* End PBXSourcesBuildPhase section */

/* Begin PBXVariantGroup section */
		75BEDC771D726261002A348D /* Main.storyboard */ = {
			isa = PBXVariantGroup;
			children = (
				75BEDC781D726261002A348D /* Base */,
			);
			name = Main.storyboard;
			sourceTree = "<group>";
		};
		75BEDC7C1D726261002A348D /* LaunchScreen.storyboard */ = {
			isa = PBXVariantGroup;
			children = (
				75BEDC7D1D726261002A348D /* Base */,
			);
			name = LaunchScreen.storyboard;
			sourceTree = "<group>";
		};
/* End PBXVariantGroup section */

/* Begin XCBuildConfiguration section */
		75BEDC801D726261002A348D /* Debug */ = {
			isa = XCBuildConfiguration;
			buildSettings = {
				ALWAYS_SEARCH_USER_PATHS = NO;
				CLANG_ANALYZER_NONNULL = YES;
				CLANG_CXX_LANGUAGE_STANDARD = "gnu++0x";
				CLANG_CXX_LIBRARY = "libc++";
				CLANG_ENABLE_MODULES = YES;
				CLANG_ENABLE_OBJC_ARC = YES;
				CLANG_WARN_BOOL_CONVERSION = YES;
				CLANG_WARN_CONSTANT_CONVERSION = YES;
				CLANG_WARN_DIRECT_OBJC_ISA_USAGE = YES_ERROR;
				CLANG_WARN_EMPTY_BODY = YES;
				CLANG_WARN_ENUM_CONVERSION = YES;
				CLANG_WARN_INT_CONVERSION = YES;
				CLANG_WARN_OBJC_ROOT_CLASS = YES_ERROR;
				CLANG_WARN_UNREACHABLE_CODE = YES;
				CLANG_WARN__DUPLICATE_METHOD_MATCH = YES;
				"CODE_SIGN_IDENTITY[sdk=iphoneos*]" = "iPhone Developer";
				COPY_PHASE_STRIP = NO;
				DEBUG_INFORMATION_FORMAT = dwarf;
				ENABLE_STRICT_OBJC_MSGSEND = YES;
				ENABLE_TESTABILITY = YES;
				GCC_C_LANGUAGE_STANDARD = gnu99;
				GCC_DYNAMIC_NO_PIC = NO;
				GCC_NO_COMMON_BLOCKS = YES;
				GCC_OPTIMIZATION_LEVEL = 0;
				GCC_PREPROCESSOR_DEFINITIONS = (
					"DEBUG=1",
					"$(inherited)",
				);
				GCC_WARN_64_TO_32_BIT_CONVERSION = YES;
				GCC_WARN_ABOUT_RETURN_TYPE = YES_ERROR;
				GCC_WARN_UNDECLARED_SELECTOR = YES;
				GCC_WARN_UNINITIALIZED_AUTOS = YES_AGGRESSIVE;
				GCC_WARN_UNUSED_FUNCTION = YES;
				GCC_WARN_UNUSED_VARIABLE = YES;
				IPHONEOS_DEPLOYMENT_TARGET = 9.3;
				MTL_ENABLE_DEBUG_INFO = YES;
				ONLY_ACTIVE_ARCH = YES;
				SDKROOT = iphoneos;
			};
			name = Debug;
		};
		75BEDC811D726261002A348D /* Release */ = {
			isa = XCBuildConfiguration;
			buildSettings = {
				ALWAYS_SEARCH_USER_PATHS = NO;
				CLANG_ANALYZER_NONNULL = YES;
				CLANG_CXX_LANGUAGE_STANDARD = "gnu++0x";
				CLANG_CXX_LIBRARY = "libc++";
				CLANG_ENABLE_MODULES = YES;
				CLANG_ENABLE_OBJC_ARC = YES;
				CLANG_WARN_BOOL_CONVERSION = YES;
				CLANG_WARN_CONSTANT_CONVERSION = YES;
				CLANG_WARN_DIRECT_OBJC_ISA_USAGE = YES_ERROR;
				CLANG_WARN_EMPTY_BODY = YES;
				CLANG_WARN_ENUM_CONVERSION = YES;
				CLANG_WARN_INT_CONVERSION = YES;
				CLANG_WARN_OBJC_ROOT_CLASS = YES_ERROR;
				CLANG_WARN_UNREACHABLE_CODE = YES;
				CLANG_WARN__DUPLICATE_METHOD_MATCH = YES;
				"CODE_SIGN_IDENTITY[sdk=iphoneos*]" = "iPhone Developer";
				COPY_PHASE_STRIP = NO;
				DEBUG_INFORMATION_FORMAT = "dwarf-with-dsym";
				ENABLE_NS_ASSERTIONS = NO;
				ENABLE_STRICT_OBJC_MSGSEND = YES;
				GCC_C_LANGUAGE_STANDARD = gnu99;
				GCC_NO_COMMON_BLOCKS = YES;
				GCC_WARN_64_TO_32_BIT_CONVERSION = YES;
				GCC_WARN_ABOUT_RETURN_TYPE = YES_ERROR;
				GCC_WARN_UNDECLARED_SELECTOR = YES;
				GCC_WARN_UNINITIALIZED_AUTOS = YES_AGGRESSIVE;
				GCC_WARN_UNUSED_FUNCTION = YES;
				GCC_WARN_UNUSED_VARIABLE = YES;
				IPHONEOS_DEPLOYMENT_TARGET = 9.3;
				MTL_ENABLE_DEBUG_INFO = NO;
				SDKROOT = iphoneos;
				VALIDATE_PRODUCT = YES;
			};
			name = Release;
		};
		75BEDC831D726261002A348D /* Debug */ = {
			isa = XCBuildConfiguration;
			buildSettings = {
				ASSETCATALOG_COMPILER_APPICON_NAME = AppIcon;
				INFOPLIST_FILE = 827addBigPicture/Info.plist;
				LD_RUNPATH_SEARCH_PATHS = "$(inherited) @executable_path/Frameworks";
				PRODUCT_BUNDLE_IDENTIFIER = "zcl.-27addBigPicture";
				PRODUCT_NAME = "$(TARGET_NAME)";
			};
			name = Debug;
		};
		75BEDC841D726261002A348D /* Release */ = {
			isa = XCBuildConfiguration;
			buildSettings = {
				ASSETCATALOG_COMPILER_APPICON_NAME = AppIcon;
				INFOPLIST_FILE = 827addBigPicture/Info.plist;
				LD_RUNPATH_SEARCH_PATHS = "$(inherited) @executable_path/Frameworks";
				PRODUCT_BUNDLE_IDENTIFIER = "zcl.-27addBigPicture";
				PRODUCT_NAME = "$(TARGET_NAME)";
			};
			name = Release;
		};
/* End XCBuildConfiguration section */

/* Begin XCConfigurationList section */
		75BEDC661D726261002A348D /* Build configuration list for PBXProject "827addBigPicture" */ = {
			isa = XCConfigurationList;
			buildConfigurations = (
				75BEDC801D726261002A348D /* Debug */,
				75BEDC811D726261002A348D /* Release */,
			);
			defaultConfigurationIsVisible = 0;
			defaultConfigurationName = Release;
		};
		75BEDC821D726261002A348D /* Build configuration list for PBXNativeTarget "827addBigPicture" */ = {
			isa = XCConfigurationList;
			buildConfigurations = (
				75BEDC831D726261002A348D /* Debug */,
				75BEDC841D726261002A348D /* Release */,
			);
			defaultConfigurationIsVisible = 0;
		};
/* End XCConfigurationList section */
	};
	rootObject = 75BEDC631D726261002A348D /* Project object */;
}
